
Microsoft Visual Studio Solution File, Format Version 12.00
# Visual Studio Version 16
VisualStudioVersion = 16.0.30804.86
MinimumVisualStudioVersion = 10.0.40219.1
Project("{FAE04EC0-301F-11D3-BF4B-00C04F79EFBC}") = "MyDevTools", "MyDevTools\MyDevTools.csproj", "{2141A9AB-8245-41A8-8BA0-C0E6B64399BA}"
EndProject
Project("{FAE04EC0-301F-11D3-BF4B-00C04F79EFBC}") = "LogProvider", "LogProvider\LogProvider.csproj", "{FA7CC08B-E002-4378-9FD8-1A6C41091950}"
EndProject
Project("{FAE04EC0-301F-11D3-BF4B-00C04F79EFBC}") = "MyDevTools.Plugin", "MyDevTools.Plugin\MyDevTools.Plugin.csproj", "{F640FD49-F9BF-42B2-B606-3CB988921BA5}"
EndProject
Project("{FAE04EC0-301F-11D3-BF4B-00C04F79EFBC}") = "MyDevTools.PluginManager", "MyDevTools.PluginManager\MyDevTools.PluginManager.csproj", "{9FE7EA27-0E87-4BB2-B190-5C90B16E8395}"
EndProject
Project("{FAE04EC0-301F-11D3-BF4B-00C04F79EFBC}") = "MyDevTools.Plugin.EncryptionTools", "MyDevTools.Plugin.EncryptionTools\MyDevTools.Plugin.EncryptionTools.csproj", "{AD28B317-0904-4CD6-BA03-9BE9AFA16F28}"
EndProject
Project("{FAE04EC0-301F-11D3-BF4B-00C04F79EFBC}") = "UnitTest", "UnitTest\UnitTest.csproj", "{7E04BBCB-7415-4788-A20E-AD5BA0307FFD}"
EndProject
Project("{FAE04EC0-301F-11D3-BF4B-00C04F79EFBC}") = "MyDevTools.Plugin.UtilityTools", "MyDevTools.Plugin.UtilityTools\MyDevTools.Plugin.UtilityTools.csproj", "{7E048556-8790-415F-8F67-4D63CB6BE5A5}"
EndProject
Project("{FAE04EC0-301F-11D3-BF4B-00C04F79EFBC}") = "DingTalkSdk", "DingTalkSdk\DingTalkSdk.csproj", "{0A7FBA15-A7D7-4D8D-926D-891B91638D5A}"
EndProject
Project("{FAE04EC0-301F-11D3-BF4B-00C04F79EFBC}") = "TopSdk", "dingtalk-sdk-cshap\taobao-sdk-net-auto-source\TopSdk.csproj", "{9C11CAE5-5188-4E71-825B-68FC3135728A}"
EndProject
Project("{FAE04EC0-301F-11D3-BF4B-00C04F79EFBC}") = "DotNetPrint", "DotNetPrint\DotNetPrint.csproj", "{D7C6994E-9891-484E-BC03-AF393BE78FB3}"
EndProject
Project("{9A19103F-16F7-4668-BE54-9A1E7A4F7556}") = "LabelCore", "LabelCore\LabelCore.csproj", "{EB8B7CF1-6FC4-4AEE-B68B-EEC2B49FC252}"
EndProject
Project("{FAE04EC0-301F-11D3-BF4B-00C04F79EFBC}") = "ClassLibrary1", "ClassLibrary1\ClassLibrary1.csproj", "{D1FDFB0B-BC9E-4DD5-B6B6-A5871AC2DCD3}"
EndProject
Project("{FAE04EC0-301F-11D3-BF4B-00C04F79EFBC}") = "UnitTestProject1", "UnitTestProject1\UnitTestProject1.csproj", "{EE23FFFC-46D9-48D5-980B-A0623D89B87C}"
EndProject
Project("{2150E333-8FDC-42A3-9474-1A3956D46DE8}") = "文档", "文档", "{45B1BDBC-F144-4A3C-B624-D0C8FF5F2FD0}"
	ProjectSection(SolutionItems) = preProject
		文档\SkiaSharp中文字体问题.md = 文档\SkiaSharp中文字体问题.md
	EndProjectSection
EndProject
Global
	GlobalSection(SolutionConfigurationPlatforms) = preSolution
		Debug|Any CPU = Debug|Any CPU
		Release|Any CPU = Release|Any CPU
	EndGlobalSection
	GlobalSection(ProjectConfigurationPlatforms) = postSolution
		{2141A9AB-8245-41A8-8BA0-C0E6B64399BA}.Debug|Any CPU.ActiveCfg = Debug|Any CPU
		{2141A9AB-8245-41A8-8BA0-C0E6B64399BA}.Debug|Any CPU.Build.0 = Debug|Any CPU
		{2141A9AB-8245-41A8-8BA0-C0E6B64399BA}.Release|Any CPU.ActiveCfg = Release|Any CPU
		{2141A9AB-8245-41A8-8BA0-C0E6B64399BA}.Release|Any CPU.Build.0 = Release|Any CPU
		{FA7CC08B-E002-4378-9FD8-1A6C41091950}.Debug|Any CPU.ActiveCfg = Debug|Any CPU
		{FA7CC08B-E002-4378-9FD8-1A6C41091950}.Debug|Any CPU.Build.0 = Debug|Any CPU
		{FA7CC08B-E002-4378-9FD8-1A6C41091950}.Release|Any CPU.ActiveCfg = Release|Any CPU
		{FA7CC08B-E002-4378-9FD8-1A6C41091950}.Release|Any CPU.Build.0 = Release|Any CPU
		{F640FD49-F9BF-42B2-B606-3CB988921BA5}.Debug|Any CPU.ActiveCfg = Debug|Any CPU
		{F640FD49-F9BF-42B2-B606-3CB988921BA5}.Debug|Any CPU.Build.0 = Debug|Any CPU
		{F640FD49-F9BF-42B2-B606-3CB988921BA5}.Release|Any CPU.ActiveCfg = Release|Any CPU
		{F640FD49-F9BF-42B2-B606-3CB988921BA5}.Release|Any CPU.Build.0 = Release|Any CPU
		{9FE7EA27-0E87-4BB2-B190-5C90B16E8395}.Debug|Any CPU.ActiveCfg = Debug|Any CPU
		{9FE7EA27-0E87-4BB2-B190-5C90B16E8395}.Debug|Any CPU.Build.0 = Debug|Any CPU
		{9FE7EA27-0E87-4BB2-B190-5C90B16E8395}.Release|Any CPU.ActiveCfg = Release|Any CPU
		{9FE7EA27-0E87-4BB2-B190-5C90B16E8395}.Release|Any CPU.Build.0 = Release|Any CPU
		{AD28B317-0904-4CD6-BA03-9BE9AFA16F28}.Debug|Any CPU.ActiveCfg = Debug|Any CPU
		{AD28B317-0904-4CD6-BA03-9BE9AFA16F28}.Debug|Any CPU.Build.0 = Debug|Any CPU
		{AD28B317-0904-4CD6-BA03-9BE9AFA16F28}.Release|Any CPU.ActiveCfg = Release|Any CPU
		{AD28B317-0904-4CD6-BA03-9BE9AFA16F28}.Release|Any CPU.Build.0 = Release|Any CPU
		{7E04BBCB-7415-4788-A20E-AD5BA0307FFD}.Debug|Any CPU.ActiveCfg = Debug|Any CPU
		{7E04BBCB-7415-4788-A20E-AD5BA0307FFD}.Debug|Any CPU.Build.0 = Debug|Any CPU
		{7E04BBCB-7415-4788-A20E-AD5BA0307FFD}.Release|Any CPU.ActiveCfg = Release|Any CPU
		{7E04BBCB-7415-4788-A20E-AD5BA0307FFD}.Release|Any CPU.Build.0 = Release|Any CPU
		{7E048556-8790-415F-8F67-4D63CB6BE5A5}.Debug|Any CPU.ActiveCfg = Debug|Any CPU
		{7E048556-8790-415F-8F67-4D63CB6BE5A5}.Debug|Any CPU.Build.0 = Debug|Any CPU
		{7E048556-8790-415F-8F67-4D63CB6BE5A5}.Release|Any CPU.ActiveCfg = Release|Any CPU
		{7E048556-8790-415F-8F67-4D63CB6BE5A5}.Release|Any CPU.Build.0 = Release|Any CPU
		{0A7FBA15-A7D7-4D8D-926D-891B91638D5A}.Debug|Any CPU.ActiveCfg = Debug|Any CPU
		{0A7FBA15-A7D7-4D8D-926D-891B91638D5A}.Debug|Any CPU.Build.0 = Debug|Any CPU
		{0A7FBA15-A7D7-4D8D-926D-891B91638D5A}.Release|Any CPU.ActiveCfg = Release|Any CPU
		{0A7FBA15-A7D7-4D8D-926D-891B91638D5A}.Release|Any CPU.Build.0 = Release|Any CPU
		{9C11CAE5-5188-4E71-825B-68FC3135728A}.Debug|Any CPU.ActiveCfg = Debug|Any CPU
		{9C11CAE5-5188-4E71-825B-68FC3135728A}.Debug|Any CPU.Build.0 = Debug|Any CPU
		{9C11CAE5-5188-4E71-825B-68FC3135728A}.Release|Any CPU.ActiveCfg = Release|Any CPU
		{9C11CAE5-5188-4E71-825B-68FC3135728A}.Release|Any CPU.Build.0 = Release|Any CPU
		{D7C6994E-9891-484E-BC03-AF393BE78FB3}.Debug|Any CPU.ActiveCfg = Debug|Any CPU
		{D7C6994E-9891-484E-BC03-AF393BE78FB3}.Debug|Any CPU.Build.0 = Debug|Any CPU
		{D7C6994E-9891-484E-BC03-AF393BE78FB3}.Release|Any CPU.ActiveCfg = Release|Any CPU
		{D7C6994E-9891-484E-BC03-AF393BE78FB3}.Release|Any CPU.Build.0 = Release|Any CPU
		{EB8B7CF1-6FC4-4AEE-B68B-EEC2B49FC252}.Debug|Any CPU.ActiveCfg = Debug|Any CPU
		{EB8B7CF1-6FC4-4AEE-B68B-EEC2B49FC252}.Debug|Any CPU.Build.0 = Debug|Any CPU
		{EB8B7CF1-6FC4-4AEE-B68B-EEC2B49FC252}.Release|Any CPU.ActiveCfg = Release|Any CPU
		{EB8B7CF1-6FC4-4AEE-B68B-EEC2B49FC252}.Release|Any CPU.Build.0 = Release|Any CPU
		{D1FDFB0B-BC9E-4DD5-B6B6-A5871AC2DCD3}.Debug|Any CPU.ActiveCfg = Debug|Any CPU
		{D1FDFB0B-BC9E-4DD5-B6B6-A5871AC2DCD3}.Debug|Any CPU.Build.0 = Debug|Any CPU
		{D1FDFB0B-BC9E-4DD5-B6B6-A5871AC2DCD3}.Release|Any CPU.ActiveCfg = Release|Any CPU
		{D1FDFB0B-BC9E-4DD5-B6B6-A5871AC2DCD3}.Release|Any CPU.Build.0 = Release|Any CPU
		{EE23FFFC-46D9-48D5-980B-A0623D89B87C}.Debug|Any CPU.ActiveCfg = Debug|Any CPU
		{EE23FFFC-46D9-48D5-980B-A0623D89B87C}.Debug|Any CPU.Build.0 = Debug|Any CPU
		{EE23FFFC-46D9-48D5-980B-A0623D89B87C}.Release|Any CPU.ActiveCfg = Release|Any CPU
		{EE23FFFC-46D9-48D5-980B-A0623D89B87C}.Release|Any CPU.Build.0 = Release|Any CPU
	EndGlobalSection
	GlobalSection(SolutionProperties) = preSolution
		HideSolutionNode = FALSE
	EndGlobalSection
	GlobalSection(ExtensibilityGlobals) = postSolution
		SolutionGuid = {2D8B8F3C-3AEA-4E48-8F16-D21F8E8E3C74}
	EndGlobalSection
EndGlobal
